<?xml version="1.0" encoding="utf-8"?>
<Project ToolsVersion="4.0" xmlns="http://schemas.microsoft.com/developer/msbuild/2003">
  <ItemGroup>
    <Filter Include="소스 파일">
      <UniqueIdentifier>{4FC737F1-C7A5-4376-A066-2A32D752A2FF}</UniqueIdentifier>
      <Extensions>cpp;c;cc;cxx;c++;cppm;ixx;def;odl;idl;hpj;bat;asm;asmx</Extensions>
    </Filter>
    <Filter Include="헤더 파일">
      <UniqueIdentifier>{93995380-89BD-4b04-88EB-625FBE52EBFB}</UniqueIdentifier>
      <Extensions>h;hh;hpp;hxx;h++;hm;inl;inc;ipp;xsd</Extensions>
    </Filter>
    <Filter Include="리소스 파일">
      <UniqueIdentifier>{67DA6AB6-F800-4c08-8B7A-83BB121AAD01}</UniqueIdentifier>
      <Extensions>rc;ico;cur;bmp;dlg;rc2;rct;bin;rgs;gif;jpg;jpeg;jpe;resx;tiff;tif;png;wav;mfcribbon-ms</Extensions>
    </Filter>
    <Filter Include="소스 파일\Hash">
      <UniqueIdentifier>{117210d0-b018-4c08-9082-dad7b45e6fd4}</UniqueIdentifier>
    </Filter>
    <Filter Include="소스 파일\BFS, DFS">
      <UniqueIdentifier>{a4e39069-e2f4-4f86-acb8-2fbb4e870192}</UniqueIdentifier>
    </Filter>
    <Filter Include="소스 파일\Graph">
      <UniqueIdentifier>{ea30dac0-7582-44df-a003-acd4a7d8565c}</UniqueIdentifier>
    </Filter>
    <Filter Include="소스 파일\Greedy">
      <UniqueIdentifier>{c2fdc493-be54-4f17-a936-1df0a9632e94}</UniqueIdentifier>
    </Filter>
    <Filter Include="소스 파일\Queue, Stack">
      <UniqueIdentifier>{06f4ad95-e3fb-447c-a346-0eaf63887d87}</UniqueIdentifier>
    </Filter>
    <Filter Include="소스 파일\Sorting">
      <UniqueIdentifier>{29d27b36-cea0-4fe4-bb30-2a0470031a39}</UniqueIdentifier>
    </Filter>
    <Filter Include="소스 파일\DP">
      <UniqueIdentifier>{d8d4af5d-ee26-4774-aac7-5d43a18f15a9}</UniqueIdentifier>
    </Filter>
    <Filter Include="소스 파일\Exhaustive Search">
      <UniqueIdentifier>{c97c7765-f22d-4377-99cb-5c5f05d1a9e4}</UniqueIdentifier>
    </Filter>
    <Filter Include="소스 파일\Heap">
      <UniqueIdentifier>{ec7b7ca1-c661-48a3-869e-e8dbc666a801}</UniqueIdentifier>
    </Filter>
    <Filter Include="소스 파일\기출">
      <UniqueIdentifier>{8d5134d4-980b-4f90-a4a5-c659455579b4}</UniqueIdentifier>
    </Filter>
  </ItemGroup>
  <ItemGroup>
    <ClCompile Include="완주하지 못한 선수.cpp">
      <Filter>소스 파일\Hash</Filter>
    </ClCompile>
    <ClCompile Include="위장.cpp">
      <Filter>소스 파일\Hash</Filter>
    </ClCompile>
    <ClCompile Include="전화번호 목록.cpp">
      <Filter>소스 파일\Hash</Filter>
    </ClCompile>
    <ClCompile Include="타겟 넘버.cpp">
      <Filter>소스 파일\BFS, DFS</Filter>
    </ClCompile>
    <ClCompile Include="가장 먼 노드.cpp">
      <Filter>소스 파일\Graph</Filter>
    </ClCompile>
    <ClCompile Include="체육복.cpp">
      <Filter>소스 파일\Greedy</Filter>
    </ClCompile>
    <ClCompile Include="기능개발.cpp">
      <Filter>소스 파일\Queue, Stack</Filter>
    </ClCompile>
    <ClCompile Include="K번째 수.cpp">
      <Filter>소스 파일\Sorting</Filter>
    </ClCompile>
    <ClCompile Include="가장 큰 수.cpp">
      <Filter>소스 파일\Sorting</Filter>
    </ClCompile>
    <ClCompile Include="num1260.cpp">
      <Filter>소스 파일\BFS, DFS</Filter>
    </ClCompile>
    <ClCompile Include="num1987.cpp">
      <Filter>소스 파일\BFS, DFS</Filter>
    </ClCompile>
    <ClCompile Include="num2178.cpp">
      <Filter>소스 파일\BFS, DFS</Filter>
    </ClCompile>
    <ClCompile Include="num2468.cpp">
      <Filter>소스 파일\BFS, DFS</Filter>
    </ClCompile>
    <ClCompile Include="num1468.cpp">
      <Filter>소스 파일\DP</Filter>
    </ClCompile>
    <ClCompile Include="num1912.cpp">
      <Filter>소스 파일\DP</Filter>
    </ClCompile>
    <ClCompile Include="num2193.cpp">
      <Filter>소스 파일\DP</Filter>
    </ClCompile>
    <ClCompile Include="num2747.cpp">
      <Filter>소스 파일\DP</Filter>
    </ClCompile>
    <ClCompile Include="num10844.cpp">
      <Filter>소스 파일\DP</Filter>
    </ClCompile>
    <ClCompile Include="num11727.cpp">
      <Filter>소스 파일\DP</Filter>
    </ClCompile>
    <ClCompile Include="num2810.cpp">
      <Filter>소스 파일\Greedy</Filter>
    </ClCompile>
    <ClCompile Include="num2839.cpp">
      <Filter>소스 파일\Greedy</Filter>
    </ClCompile>
    <ClCompile Include="num5585.cpp">
      <Filter>소스 파일\Greedy</Filter>
    </ClCompile>
    <ClCompile Include="소수찾기.cpp">
      <Filter>소스 파일\Exhaustive Search</Filter>
    </ClCompile>
    <ClCompile Include="다리를 지나는 트럭.cpp">
      <Filter>소스 파일\Queue, Stack</Filter>
    </ClCompile>
    <ClCompile Include="디스크 컨트롤러.cpp">
      <Filter>소스 파일\Heap</Filter>
    </ClCompile>
    <ClCompile Include="H-Index.cpp">
      <Filter>소스 파일\Sorting</Filter>
    </ClCompile>
    <ClCompile Include="카펫.cpp">
      <Filter>소스 파일\Exhaustive Search</Filter>
    </ClCompile>
    <ClCompile Include="2021_카카오_채용연계형_숫자_문자열과_영단어.cpp">
      <Filter>소스 파일\기출</Filter>
    </ClCompile>
    <ClCompile Include="num2667.cpp">
      <Filter>소스 파일\BFS, DFS</Filter>
    </ClCompile>
  </ItemGroup>
</Project>